
Microsoft Visual Studio Solution File, Format Version 12.00
# Visual Studio Version 17
VisualStudioVersion = 17.10.35013.160
MinimumVisualStudioVersion = 10.0.40219.1
Project("{FAE04EC0-301F-11D3-BF4B-00C04F79EFBC}") = "ProEventos.API", "ProEventos.API.csproj", "{5F8CBB90-6FB4-4717-B6E4-211CA9D413C1}"
EndProject
Global
	GlobalSection(SolutionConfigurationPlatforms) = preSolution
		Debug|Any CPU = Debug|Any CPU
		Release|Any CPU = Release|Any CPU
	EndGlobalSection
	GlobalSection(ProjectConfigurationPlatforms) = postSolution
		{5F8CBB90-6FB4-4717-B6E4-211CA9D413C1}.Debug|Any CPU.ActiveCfg = Debug|Any CPU
		{5F8CBB90-6FB4-4717-B6E4-211CA9D413C1}.Debug|Any CPU.Build.0 = Debug|Any CPU
		{5F8CBB90-6FB4-4717-B6E4-211CA9D413C1}.Release|Any CPU.ActiveCfg = Release|Any CPU
		{5F8CBB90-6FB4-4717-B6E4-211CA9D413C1}.Release|Any CPU.Build.0 = Release|Any CPU
	EndGlobalSection
	GlobalSection(SolutionProperties) = preSolution
		HideSolutionNode = FALSE
	EndGlobalSection
	GlobalSection(ExtensibilityGlobals) = postSolution
		SolutionGuid = {526150F3-7AC7-404F-BFF5-5B602A07F61A}
	EndGlobalSection
EndGlobal
